
Microsoft Visual Studio Solution File, Format Version 12.00
# Visual Studio 15
VisualStudioVersion = 15.0.28307.960
MinimumVisualStudioVersion = 10.0.40219.1
Project("{FAE04EC0-301F-11D3-BF4B-00C04F79EFBC}") = "BittrexLogger", "BittrexLogger.csproj", "{F31F7ACC-33F7-4A1B-856B-25EB7D988DD4}"
EndProject
Project("{FAE04EC0-301F-11D3-BF4B-00C04F79EFBC}") = "BittrexLoggerLibrary", "BittrexLoggerLibrary\BittrexLoggerLibrary.csproj", "{2EA1BE49-20E5-42EC-9B9F-E2FCCDB55C3F}"
EndProject
Global
	GlobalSection(SolutionConfigurationPlatforms) = preSolution
		Debug|Any CPU = Debug|Any CPU
		Release|Any CPU = Release|Any CPU
	EndGlobalSection
	GlobalSection(ProjectConfigurationPlatforms) = postSolution
		{F31F7ACC-33F7-4A1B-856B-25EB7D988DD4}.Debug|Any CPU.ActiveCfg = Debug|Any CPU
		{F31F7ACC-33F7-4A1B-856B-25EB7D988DD4}.Debug|Any CPU.Build.0 = Debug|Any CPU
		{F31F7ACC-33F7-4A1B-856B-25EB7D988DD4}.Release|Any CPU.ActiveCfg = Release|Any CPU
		{F31F7ACC-33F7-4A1B-856B-25EB7D988DD4}.Release|Any CPU.Build.0 = Release|Any CPU
		{2EA1BE49-20E5-42EC-9B9F-E2FCCDB55C3F}.Debug|Any CPU.ActiveCfg = Debug|Any CPU
		{2EA1BE49-20E5-42EC-9B9F-E2FCCDB55C3F}.Debug|Any CPU.Build.0 = Debug|Any CPU
		{2EA1BE49-20E5-42EC-9B9F-E2FCCDB55C3F}.Release|Any CPU.ActiveCfg = Release|Any CPU
		{2EA1BE49-20E5-42EC-9B9F-E2FCCDB55C3F}.Release|Any CPU.Build.0 = Release|Any CPU
	EndGlobalSection
	GlobalSection(SolutionProperties) = preSolution
		HideSolutionNode = FALSE
	EndGlobalSection
	GlobalSection(ExtensibilityGlobals) = postSolution
		SolutionGuid = {1640391A-18DD-434A-B350-D3B1CE749308}
	EndGlobalSection
EndGlobal
